{
    "_readme": [
        "This file locks the dependencies of your project to a known state",
        "Read more about it at https://getcomposer.org/doc/01-basic-usage.md#installing-dependencies",
        "This file is @generated automatically"
    ],
    "content-hash": "45161164669def624cbdd5e3f2680583",
    "packages": [
        {
            "name": "bigbluebutton/bigbluebutton-api-php",
            "version": "2.1.4",
            "source": {
                "type": "git",
                "url": "https://github.com/bigbluebutton/bigbluebutton-api-php.git",
                "reference": "ecb3913e307183aa75f2efa2af226f758ae80d3e"
            },
            "dist": {
                "type": "zip",
                "url": "https://api.github.com/repos/bigbluebutton/bigbluebutton-api-php/zipball/ecb3913e307183aa75f2efa2af226f758ae80d3e",
                "reference": "ecb3913e307183aa75f2efa2af226f758ae80d3e",
                "shasum": ""
            },
            "require": {
                "ext-curl": "*",
                "ext-mbstring": "*",
                "ext-simplexml": "*",
                "php": ">=7.1"
            },
            "require-dev": {
                "ext-mbstring": "*",
                "fakerphp/faker": "^1.17",
                "friendsofphp/php-cs-fixer": "^3.8.0",
                "php-coveralls/php-coveralls": "^2.5.2",
                "phpunit/phpunit": "^8.5",
                "squizlabs/php_codesniffer": "^3.7"
            },
            "type": "library",
            "autoload": {
                "psr-4": {
                    "BigBlueButton\\": "src"
                }
            },
            "notification-url": "https://packagist.org/downloads/",
            "license": [
                "LGPL-3.0-or-later"
            ],
            "authors": [
                {
                    "name": "Ghazi Triki",
                    "email": "ghazi.triki@riadvice.tn",
                    "role": "Developer"
                }
            ],
            "description": "BigBlueButton PHP API Library for PHP",
            "homepage": "http://bigbluebutton.org/",
            "keywords": [
                "api",
                "bbb",
                "bigbluebutton"
            ],
            "time": "2022-06-17T10:21:54+00:00"
        }
    ],
    "packages-dev": [],
    "aliases": [],
    "minimum-stability": "stable",
    "stability-flags": [],
    "prefer-stable": false,
    "prefer-lowest": false,
    "platform": [],
    "platform-dev": [],
    "plugin-api-version": "1.1.0"
}
